
Microsoft Visual Studio Solution File, Format Version 12.00
# Visual Studio Version 17
VisualStudioVersion = 17.5.33627.172
MinimumVisualStudioVersion = 10.0.40219.1
Project("{FAE04EC0-301F-11D3-BF4B-00C04F79EFBC}") = "BaiTapA", "BaiTapA\BaiTapA.csproj", "{77A0D498-E064-463D-8B3B-8E760C6C525A}"
EndProject
Global
	GlobalSection(SolutionConfigurationPlatforms) = preSolution
		Debug|Any CPU = Debug|Any CPU
		Release|Any CPU = Release|Any CPU
	EndGlobalSection
	GlobalSection(ProjectConfigurationPlatforms) = postSolution
		{77A0D498-E064-463D-8B3B-8E760C6C525A}.Debug|Any CPU.ActiveCfg = Debug|Any CPU
		{77A0D498-E064-463D-8B3B-8E760C6C525A}.Debug|Any CPU.Build.0 = Debug|Any CPU
		{77A0D498-E064-463D-8B3B-8E760C6C525A}.Release|Any CPU.ActiveCfg = Release|Any CPU
		{77A0D498-E064-463D-8B3B-8E760C6C525A}.Release|Any CPU.Build.0 = Release|Any CPU
	EndGlobalSection
	GlobalSection(SolutionProperties) = preSolution
		HideSolutionNode = FALSE
	EndGlobalSection
	GlobalSection(ExtensibilityGlobals) = postSolution
		SolutionGuid = {44837641-B2B2-49AD-9A8A-6FA2A12704B5}
	EndGlobalSection
EndGlobal
